PODS:
  - FMDB (2.6.2):
    - FMDB/standard (= 2.6.2)
  - FMDB/standard (2.6.2)
  - IQKeyboardManager (4.0.7)
  - YYText (1.0.7)

DEPENDENCIES:
  - FMDB
  - IQKeyboardManager
  - YYText

SPEC CHECKSUMS:
  FMDB: 854a0341b4726e53276f2a8996f06f1b80f9259a
  IQKeyboardManager: 69002bb4fea60596b710e57d426abc00e5063630
  YYText: 5c461d709e24d55a182d1441c41dc639a18a4849

PODFILE CHECKSUM: c9915d25c7ce80507720dd8a1255b5f5a16cb294

COCOAPODS: 1.1.1
